#MicroXplorer Configuration settings - do not modify
ADC.ClockPrescaler=ADC_CLOCK_ASYNC_DIV1
ADC.ContinuousConvMode=DISABLE
ADC.DMAContinuousRequests=DISABLE
ADC.DataAlign=ADC_DATAALIGN_RIGHT
ADC.DiscontinuousConvMode=DISABLE
ADC.EOCSelection=ADC_EOC_SEQ_CONV
ADC.EnableAnalogWatchDog=false
ADC.ExternalTrigConv=ADC_SOFTWARE_START
ADC.ExternalTrigConvEdge=ADC_EXTERNALTRIGCONVEDGE_NONE
ADC.IPParameters=ClockPrescaler,Resolution,DataAlign,ScanConvMode,ContinuousConvMode,DiscontinuousConvMode,DMAContinuousRequests,EOCSelection,Overrun,LowPowerAutoWait,LowPowerAutoPowerOff,SamplingTime,ExternalTrigConv,ExternalTrigConvEdge,EnableAnalogWatchDog
ADC.LowPowerAutoPowerOff=DISABLE
ADC.LowPowerAutoWait=DISABLE
ADC.Overrun=ADC_OVR_DATA_PRESERVED
ADC.Resolution=ADC_RESOLUTION_12B
ADC.SamplingTime=ADC_SAMPLETIME_1CYCLE_5
ADC.ScanConvMode=ADC_SCAN_DIRECTION_FORWARD
Dma.Request0=USART3_TX
Dma.Request1=USART1_TX
Dma.RequestsNb=2
Dma.USART1_TX.1.Direction=DMA_MEMORY_TO_PERIPH
Dma.USART1_TX.1.Instance=DMA1_Channel4
Dma.USART1_TX.1.MemDataAlignment=DMA_MDATAALIGN_BYTE
Dma.USART1_TX.1.MemInc=DMA_MINC_ENABLE
Dma.USART1_TX.1.Mode=DMA_NORMAL
Dma.USART1_TX.1.PeriphDataAlignment=DMA_PDATAALIGN_BYTE
Dma.USART1_TX.1.PeriphInc=DMA_PINC_DISABLE
Dma.USART1_TX.1.Priority=DMA_PRIORITY_LOW
Dma.USART1_TX.1.RequestParameters=Instance,Direction,PeriphInc,MemInc,PeriphDataAlignment,MemDataAlignment,Mode,Priority
Dma.USART3_TX.0.Direction=DMA_MEMORY_TO_PERIPH
Dma.USART3_TX.0.Instance=DMA1_Channel7
Dma.USART3_TX.0.MemDataAlignment=DMA_MDATAALIGN_BYTE
Dma.USART3_TX.0.MemInc=DMA_MINC_ENABLE
Dma.USART3_TX.0.Mode=DMA_NORMAL
Dma.USART3_TX.0.PeriphDataAlignment=DMA_PDATAALIGN_BYTE
Dma.USART3_TX.0.PeriphInc=DMA_PINC_DISABLE
Dma.USART3_TX.0.Priority=DMA_PRIORITY_LOW
Dma.USART3_TX.0.RequestParameters=Instance,Direction,PeriphInc,MemInc,PeriphDataAlignment,MemDataAlignment,Mode,Priority
FREERTOS.FootprintOK=true
FREERTOS.INCLUDE_vTaskDelayUntil=1
FREERTOS.IPParameters=Tasks01,INCLUDE_vTaskDelayUntil,configTOTAL_HEAP_SIZE,FootprintOK
FREERTOS.Tasks01=defaultTask,0,128,StartDefaultTask,Default
FREERTOS.configTOTAL_HEAP_SIZE=16384
File.Version=6
I2C1.IPParameters=Timing
I2C1.Timing=0x2000090E
KeepUserPlacement=false
Mcu.Family=STM32F0
Mcu.IP0=ADC
Mcu.IP1=DMA
Mcu.IP10=TIM14
Mcu.IP11=TIM16
Mcu.IP12=TIM17
Mcu.IP13=USART1
Mcu.IP14=USART3
Mcu.IP2=FREERTOS
Mcu.IP3=I2C1
Mcu.IP4=NVIC
Mcu.IP5=RCC
Mcu.IP6=RTC
Mcu.IP7=SYS
Mcu.IP8=TIM6
Mcu.IP9=TIM7
Mcu.IPNb=15
Mcu.Name=STM32F098CCTx
Mcu.Package=LQFP48
Mcu.Pin0=PC14OSC32_IN
Mcu.Pin1=PC15OSC32_OUT
Mcu.Pin10=PB1
Mcu.Pin11=PB10
Mcu.Pin12=PB11
Mcu.Pin13=PB12
Mcu.Pin14=PB13
Mcu.Pin15=PB14
Mcu.Pin16=PB15
Mcu.Pin17=PA8
Mcu.Pin18=PA9
Mcu.Pin19=PA10
Mcu.Pin2=PF0-OSC_IN
Mcu.Pin20=PA12
Mcu.Pin21=PA13
Mcu.Pin22=PA14
Mcu.Pin23=PB3
Mcu.Pin24=PB4
Mcu.Pin25=PB5
Mcu.Pin26=PB6
Mcu.Pin27=PB7
Mcu.Pin28=PB8
Mcu.Pin29=PB9
Mcu.Pin3=PF1-OSC_OUT
Mcu.Pin30=VP_FREERTOS_VS_ENABLE
Mcu.Pin31=VP_RTC_VS_RTC_Activate
Mcu.Pin32=VP_SYS_VS_Systick
Mcu.Pin33=VP_TIM6_VS_ClockSourceINT
Mcu.Pin34=VP_TIM7_VS_ClockSourceINT
Mcu.Pin35=VP_TIM14_VS_ClockSourceINT
Mcu.Pin36=VP_TIM16_VS_ClockSourceINT
Mcu.Pin37=VP_TIM17_VS_ClockSourceINT
Mcu.Pin4=PA1
Mcu.Pin5=PA2
Mcu.Pin6=PA3
Mcu.Pin7=PA5
Mcu.Pin8=PA6
Mcu.Pin9=PB0
Mcu.PinsNb=38
Mcu.UserConstants=
Mcu.UserName=STM32F098CCTx
MxCube.Version=4.18.0
MxDb.Version=DB.4.0.180
NVIC.ADC1_COMP_IRQn=true\:3\:0\:false\:false\:true\:true
NVIC.DMA1_Ch4_7_DMA2_Ch3_5_IRQn=true\:3\:0\:false\:false\:true\:true
NVIC.EXTI0_1_IRQn=true\:3\:0\:false\:false\:true\:true
NVIC.EXTI2_3_IRQn=true\:3\:0\:false\:false\:true\:true
NVIC.HardFault_IRQn=true\:0\:0\:false\:false\:true\:false
NVIC.I2C1_IRQn=true\:3\:0\:false\:false\:true\:true
NVIC.NonMaskableInt_IRQn=true\:0\:0\:false\:false\:true\:false
NVIC.PendSV_IRQn=true\:3\:0\:false\:false\:false\:true
NVIC.SVC_IRQn=true\:0\:0\:false\:false\:false\:false
NVIC.SysTick_IRQn=true\:3\:0\:false\:false\:true\:true
NVIC.TIM14_IRQn=true\:3\:0\:false\:false\:true\:true
NVIC.TIM16_IRQn=true\:3\:0\:false\:false\:true\:true
NVIC.TIM17_IRQn=true\:3\:0\:false\:false\:true\:true
NVIC.TIM6_DAC_IRQn=true\:3\:0\:false\:false\:true\:true
NVIC.TIM7_IRQn=true\:3\:0\:false\:false\:true\:true
NVIC.USART1_IRQn=true\:3\:0\:false\:false\:true\:true
NVIC.USART3_8_IRQn=true\:3\:0\:false\:false\:true\:true
PA1.GPIOParameters=GPIO_PuPd,GPIO_Label,GPIO_ModeDefaultEXTI
PA1.GPIO_Label=nACFAIL
PA1.GPIO_ModeDefaultEXTI=GPIO_MODE_IT_RISING_FALLING
PA1.GPIO_PuPd=GPIO_PULLUP
PA1.Locked=true
PA1.Signal=GPXTI1
PA10.Mode=Asynchronous
PA10.Signal=USART1_RX
PA12.Mode=Hardware Flow Control (RS485)
PA12.Signal=USART1_DE
PA13.Mode=Serial_Wire
PA13.Signal=SYS_SWDIO
PA14.Mode=Serial_Wire
PA14.Signal=SYS_SWCLK
PA2.GPIOParameters=PinState,GPIO_PuPd,GPIO_Label
PA2.GPIO_Label=PLC_OUT
PA2.GPIO_PuPd=GPIO_PULLUP
PA2.Locked=true
PA2.PinState=GPIO_PIN_SET
PA2.Signal=GPIO_Output
PA3.GPIOParameters=GPIO_PuPd,GPIO_Label,GPIO_ModeDefaultEXTI
PA3.GPIO_Label=PLC_IN
PA3.GPIO_ModeDefaultEXTI=GPIO_MODE_IT_FALLING
PA3.GPIO_PuPd=GPIO_PULLUP
PA3.Locked=true
PA3.Signal=GPXTI3
PA5.Mode=IN5
PA5.Signal=ADC_IN5
PA6.Mode=IN6
PA6.Signal=ADC_IN6
PA8.GPIOParameters=GPIO_PuPd,GPIO_Label,GPIO_Mode
PA8.GPIO_Label=ENCB1
PA8.GPIO_Mode=GPIO_MODE_INPUT
PA8.GPIO_PuPd=GPIO_PULLUP
PA8.Locked=true
PA8.Signal=GPIO_Input
PA9.Mode=Asynchronous
PA9.Signal=USART1_TX
PB0.GPIOParameters=GPIO_PuPd,GPIO_Label
PB0.GPIO_Label=nLcMaster
PB0.GPIO_PuPd=GPIO_PULLUP
PB0.Locked=true
PB0.Signal=GPIO_Input
PB1.GPIOParameters=GPIO_PuPd,GPIO_Label
PB1.GPIO_Label=ACnDC
PB1.GPIO_PuPd=GPIO_PULLDOWN
PB1.Locked=true
PB1.Signal=GPIO_Output
PB10.Mode=Asynchronous
PB10.Signal=USART3_TX
PB11.Mode=Asynchronous
PB11.Signal=USART3_RX
PB12.GPIOParameters=GPIO_Label
PB12.GPIO_Label=ERROR
PB12.Locked=true
PB12.Signal=GPIO_Output
PB13.GPIOParameters=GPIO_Label
PB13.GPIO_Label=LAMPSEN
PB13.Locked=true
PB13.Signal=GPIO_Output
PB14.GPIOParameters=GPIO_PuPd,GPIO_Label,GPIO_Mode
PB14.GPIO_Label=ENCB4
PB14.GPIO_Mode=GPIO_MODE_INPUT
PB14.GPIO_PuPd=GPIO_PULLUP
PB14.Locked=true
PB14.Signal=GPIO_Input
PB15.GPIOParameters=GPIO_PuPd,GPIO_Label,GPIO_Mode
PB15.GPIO_Label=ENCB2
PB15.GPIO_Mode=GPIO_MODE_INPUT
PB15.GPIO_PuPd=GPIO_PULLUP
PB15.Locked=true
PB15.Signal=GPIO_Input
PB3.GPIOParameters=GPIO_PuPd,GPIO_Label,GPIO_Mode
PB3.GPIO_Label=ENCB3
PB3.GPIO_Mode=GPIO_MODE_INPUT
PB3.GPIO_PuPd=GPIO_PULLUP
PB3.Locked=true
PB3.Signal=GPIO_Input
PB4.GPIOParameters=GPIO_PuPd,GPIO_Label,GPIO_Mode
PB4.GPIO_Label=ENCA2
PB4.GPIO_Mode=GPIO_MODE_INPUT
PB4.GPIO_PuPd=GPIO_PULLUP
PB4.Locked=true
PB4.Signal=GPIO_Input
PB5.GPIOParameters=GPIO_PuPd,GPIO_Label,GPIO_Mode
PB5.GPIO_Label=ENCA4
PB5.GPIO_Mode=GPIO_MODE_INPUT
PB5.GPIO_PuPd=GPIO_PULLUP
PB5.Locked=true
PB5.Signal=GPIO_Input
PB6.Mode=I2C
PB6.Signal=I2C1_SCL
PB7.Mode=I2C
PB7.Signal=I2C1_SDA
PB8.GPIOParameters=GPIO_PuPd,GPIO_Label,GPIO_Mode
PB8.GPIO_Label=ENCA3
PB8.GPIO_Mode=GPIO_MODE_INPUT
PB8.GPIO_PuPd=GPIO_PULLUP
PB8.Locked=true
PB8.Signal=GPIO_Input
PB9.GPIOParameters=GPIO_PuPd,GPIO_Label,GPIO_Mode
PB9.GPIO_Label=ENCA1
PB9.GPIO_Mode=GPIO_MODE_INPUT
PB9.GPIO_PuPd=GPIO_PULLUP
PB9.Locked=true
PB9.Signal=GPIO_Input
PC14OSC32_IN.Mode=LSE-External-Oscillator
PC14OSC32_IN.Signal=RCC_OSC32_IN
PC15OSC32_OUT.Mode=LSE-External-Oscillator
PC15OSC32_OUT.Signal=RCC_OSC32_OUT
PCC.Checker=false
PCC.Line=STM32F0x8
PCC.MCU=STM32F098CCTx
PCC.MXVersion=4.18.0
PCC.PartNumber=STM32F098CCTx
PCC.Seq0=0
PCC.Series=STM32F0
PCC.Temperature=25
PCC.Vdd=3.6
PF0-OSC_IN.Mode=HSE-External-Oscillator
PF0-OSC_IN.Signal=RCC_OSC_IN
PF1-OSC_OUT.Mode=HSE-External-Oscillator
PF1-OSC_OUT.Signal=RCC_OSC_OUT
ProjectManager.AskForMigrate=true
ProjectManager.BackupPrevious=false
ProjectManager.CompilerOptimize=2
ProjectManager.ComputerToolchain=false
ProjectManager.CoupleFile=true
ProjectManager.CustomerFirmwarePackage=A\:/STM32Cube/Repository/STM32Cube_FW_F0_V1.7.0
ProjectManager.DefaultFWLocation=true
ProjectManager.DeletePrevious=true
ProjectManager.DeviceId=STM32F098CCTx
ProjectManager.FirmwarePackage=STM32Cube FW_F0 V1.7.0
ProjectManager.FreePins=false
ProjectManager.HalAssertFull=true
ProjectManager.HeapSize=0x200
ProjectManager.KeepUserCode=true
ProjectManager.LastFirmware=true
ProjectManager.LibraryCopy=1
ProjectManager.PreviousToolchain=SW4STM32
ProjectManager.ProjectBuild=false
ProjectManager.ProjectFileName=LineController2.ioc
ProjectManager.ProjectName=LineController2
ProjectManager.StackSize=0x400
ProjectManager.TargetToolchain=SW4STM32
ProjectManager.ToolChainLocation=M\:\\Github\\bateria_cenralna\\eclipse_worspace\\LineController2
ProjectManager.UnderRoot=true
ProjectManager.functionlistsort=1-MX_GPIO_Init-GPIO-false-HAL,2-MX_DMA_Init-DMA-false-HAL,3-SystemClock_Config-RCC-false-HAL,4-MX_RTC_Init-RTC-false-HAL,5-MX_ADC_Init-ADC-false-HAL,6-MX_USART1_UART_Init-USART1-false-HAL,7-MX_I2C1_Init-I2C1-false-HAL,8-MX_USART3_UART_Init-USART3-false-HAL,9-MX_TIM6_Init-TIM6-false-HAL,10-MX_TIM7_Init-TIM7-false-HAL,11-MX_TIM14_Init-TIM14-false-HAL,12-MX_TIM16_Init-TIM16-false-HAL,13-MX_TIM17_Init-TIM17-false-HAL
RCC.AHBFreq_Value=48000000
RCC.APB1Freq_Value=48000000
RCC.APB1TimFreq_Value=48000000
RCC.CECFreq_Value=32786.88524590164
RCC.FCLKCortexFreq_Value=48000000
RCC.FamilyName=M
RCC.HCLKFreq_Value=48000000
RCC.HSICECFreq_Value=32786.88524590164
RCC.I2SFreq_Value=48000000
RCC.IPParameters=AHBFreq_Value,APB1Freq_Value,APB1TimFreq_Value,CECFreq_Value,FCLKCortexFreq_Value,FamilyName,HCLKFreq_Value,HSICECFreq_Value,I2SFreq_Value,MCOFreq_Value,PLLCLKFreq_Value,PLLMCOFreq_Value,PLLMUL,PLLSourceVirtual,SYSCLKFreq_VALUE,SYSCLKSource,TimSysFreq_Value,USART1Freq_Value,USART2Freq_Value,USART3Freq_Value,VCOOutput2Freq_Value
RCC.MCOFreq_Value=48000000
RCC.PLLCLKFreq_Value=48000000
RCC.PLLMCOFreq_Value=48000000
RCC.PLLMUL=RCC_PLL_MUL6
RCC.PLLSourceVirtual=RCC_PLLSOURCE_HSE
RCC.SYSCLKFreq_VALUE=48000000
RCC.SYSCLKSource=RCC_SYSCLKSOURCE_PLLCLK
RCC.TimSysFreq_Value=48000000
RCC.USART1Freq_Value=48000000
RCC.USART2Freq_Value=48000000
RCC.USART3Freq_Value=48000000
RCC.VCOOutput2Freq_Value=8000000
SH.GPXTI1.0=GPIO_EXTI1
SH.GPXTI1.ConfNb=1
SH.GPXTI3.0=GPIO_EXTI3
SH.GPXTI3.ConfNb=1
USART1.BaudRate=9600
USART1.IPParameters=BaudRate,WordLength,Parity
USART1.Parity=PARITY_NONE
USART1.WordLength=UART_WORDLENGTH_8B
USART3.IPParameters=WordLength
USART3.WordLength=UART_WORDLENGTH_8B
VP_FREERTOS_VS_ENABLE.Mode=Enabled
VP_FREERTOS_VS_ENABLE.Signal=FREERTOS_VS_ENABLE
VP_RTC_VS_RTC_Activate.Mode=RTC_Enabled
VP_RTC_VS_RTC_Activate.Signal=RTC_VS_RTC_Activate
VP_SYS_VS_Systick.Mode=SysTick
VP_SYS_VS_Systick.Signal=SYS_VS_Systick
VP_TIM14_VS_ClockSourceINT.Mode=Enable_Timer
VP_TIM14_VS_ClockSourceINT.Signal=TIM14_VS_ClockSourceINT
VP_TIM16_VS_ClockSourceINT.Mode=Enable_Timer
VP_TIM16_VS_ClockSourceINT.Signal=TIM16_VS_ClockSourceINT
VP_TIM17_VS_ClockSourceINT.Mode=Enable_Timer
VP_TIM17_VS_ClockSourceINT.Signal=TIM17_VS_ClockSourceINT
VP_TIM6_VS_ClockSourceINT.Mode=Enable_Timer
VP_TIM6_VS_ClockSourceINT.Signal=TIM6_VS_ClockSourceINT
VP_TIM7_VS_ClockSourceINT.Mode=Enable_Timer
VP_TIM7_VS_ClockSourceINT.Signal=TIM7_VS_ClockSourceINT
board=LineController2
